{
  "name": "site",
  "version": "1.0.0",
  "lockfileVersion": 1,
  "requires": true,
  "dependencies": {
    "bezier-easing": {
      "version": "2.1.0",
      "resolved": "https://registry.npmjs.org/bezier-easing/-/bezier-easing-2.1.0.tgz",
      "integrity": "sha1-wE3+i5JtbsrKGBPWn/F5t8ICXYY="
    },
    "bindall-standalone": {
      "version": "1.0.5",
      "resolved": "https://registry.npmjs.org/bindall-standalone/-/bindall-standalone-1.0.5.tgz",
      "integrity": "sha1-90MDiPHH+amt4Px1pADnEPZpKh0="
    },
    "ev-emitter": {
      "version": "1.1.1",
      "resolved": "https://registry.npmjs.org/ev-emitter/-/ev-emitter-1.1.1.tgz",
      "integrity": "sha512-ipiDYhdQSCZ4hSbX4rMW+XzNKMD1prg/sTvoVmSLkuQ1MVlwjJQQA+sW8tMYR3BLUr9KjodFV4pvzunvRhd33Q=="
    },
    "gsap": {
      "version": "3.8.0",
      "resolved": "https://registry.npmjs.org/gsap/-/gsap-3.8.0.tgz",
      "integrity": "sha512-cvpzKkWFePDZCycwXwJnDSpTR3j+a4QLQF/t0c+pXqzRESgAYx5hieaoshzZFjbwsARqr0+5c3GKE7wI273w/g=="
    },
    "imagesloaded": {
      "version": "4.1.4",
      "resolved": "https://registry.npmjs.org/imagesloaded/-/imagesloaded-4.1.4.tgz",
      "integrity": "sha512-ltiBVcYpc/TYTF5nolkMNsnREHW+ICvfQ3Yla2Sgr71YFwQ86bDwV9hgpFhFtrGPuwEx5+LqOHIrdXBdoWwwsA==",
      "requires": {
        "ev-emitter": "^1.0.0"
      }
    },
    "lethargy": {
      "version": "1.0.9",
      "resolved": "https://registry.npmjs.org/lethargy/-/lethargy-1.0.9.tgz",
      "integrity": "sha512-nFM8blpCF9rqIL5mRAaTGc78W8oQixVtsD86jbEPvcI13+lDUYJf3R7DZQQL7tCiBpbGpGKMX2gwJFO9hiaOkg=="
    },
    "locomotive-scroll": {
      "version": "4.1.3",
      "resolved": "https://registry.npmjs.org/locomotive-scroll/-/locomotive-scroll-4.1.3.tgz",
      "integrity": "sha512-1b9JAea6IevKCAuBtuyufUogEwhQtKHrClxj+599dLN7Xit1/6CM/X9haveXRCjgfD9RcPKfptasY4kvLGHNdA==",
      "requires": {
        "bezier-easing": "^2.1.0",
        "smoothscroll-polyfill": "^0.4.4",
        "virtual-scroll": "^1.5.2"
      }
    },
    "object-assign": {
      "version": "4.1.1",
      "resolved": "https://registry.npmjs.org/object-assign/-/object-assign-4.1.1.tgz",
      "integrity": "sha1-IQmtx5ZYh8/AXLvUQsrIv7s2CGM="
    },
    "smoothscroll-polyfill": {
      "version": "0.4.4",
      "resolved": "https://registry.npmjs.org/smoothscroll-polyfill/-/smoothscroll-polyfill-0.4.4.tgz",
      "integrity": "sha512-TK5ZA9U5RqCwMpfoMq/l1mrH0JAR7y7KRvOBx0n2869aLxch+gT9GhN3yUfjiw+d/DiF1mKo14+hd62JyMmoBg=="
    },
    "tiny-emitter": {
      "version": "1.2.0",
      "resolved": "https://registry.npmjs.org/tiny-emitter/-/tiny-emitter-1.2.0.tgz",
      "integrity": "sha1-bchFBSywjr78GHRyO1jySmSMO28="
    },
    "virtual-scroll": {
      "version": "1.5.2",
      "resolved": "https://registry.npmjs.org/virtual-scroll/-/virtual-scroll-1.5.2.tgz",
      "integrity": "sha512-7jDHwlKbHUho7CYU/HojE/VKFH8GV9P5fVWP2HCa7dRUOpVvwl93OBOKIIcb2mKd+vqsbVR/0zl0X70+3sUZqA==",
      "requires": {
        "bindall-standalone": "^1.0.5",
        "lethargy": "^1.0.2",
        "object-assign": "^4.0.1",
        "tiny-emitter": "^1.0.0"
      }
    }
  }
}
